
Microsoft Visual Studio Solution File, Format Version 12.00
# Visual Studio 2013
VisualStudioVersion = 12.0.30110.0
MinimumVisualStudioVersion = 10.0.40219.1
Project("{E24C65DC-7377-472B-9ABA-BC803B73C61A}") = "angular-fill-height-directive", "http://localhost:63828", "{D07C13B0-EADD-4BA5-A723-7B289FE5623C}"
	ProjectSection(WebsiteProperties) = preProject
		UseIISExpress = "true"
		TargetFrameworkMoniker = ".NETFramework,Version%3Dv4.5.1"
		Debug.AspNetCompiler.VirtualPath = "/localhost_63828"
		Debug.AspNetCompiler.PhysicalPath = "..\angular-fill-height-directive\"
		Debug.AspNetCompiler.TargetPath = "PrecompiledWeb\localhost_63828\"
		Debug.AspNetCompiler.Updateable = "true"
		Debug.AspNetCompiler.ForceOverwrite = "true"
		Debug.AspNetCompiler.FixedNames = "false"
		Debug.AspNetCompiler.Debug = "True"
		Release.AspNetCompiler.VirtualPath = "/localhost_63828"
		Release.AspNetCompiler.PhysicalPath = "..\angular-fill-height-directive\"
		Release.AspNetCompiler.TargetPath = "PrecompiledWeb\localhost_63828\"
		Release.AspNetCompiler.Updateable = "true"
		Release.AspNetCompiler.ForceOverwrite = "true"
		Release.AspNetCompiler.FixedNames = "false"
		Release.AspNetCompiler.Debug = "False"
		SlnRelativePath = "..\angular-fill-height-directive\"
	EndProjectSection
EndProject
Global
	GlobalSection(SolutionConfigurationPlatforms) = preSolution
		Debug|Any CPU = Debug|Any CPU
	EndGlobalSection
	GlobalSection(ProjectConfigurationPlatforms) = postSolution
		{D07C13B0-EADD-4BA5-A723-7B289FE5623C}.Debug|Any CPU.ActiveCfg = Debug|Any CPU
		{D07C13B0-EADD-4BA5-A723-7B289FE5623C}.Debug|Any CPU.Build.0 = Debug|Any CPU
	EndGlobalSection
	GlobalSection(SolutionProperties) = preSolution
		HideSolutionNode = FALSE
	EndGlobalSection
EndGlobal
